
Microsoft Visual Studio Solution File, Format Version 12.00
# Visual Studio 15
VisualStudioVersion = 15.0.28307.329
MinimumVisualStudioVersion = 10.0.40219.1
Project("{FAE04EC0-301F-11D3-BF4B-00C04F79EFBC}") = "MVC", "MVC\MVC.csproj", "{E2C1415C-CCB8-4191-BAF8-D111357486A3}"
EndProject
Global
	GlobalSection(SolutionConfigurationPlatforms) = preSolution
		Debug|Any CPU = Debug|Any CPU
		Release|Any CPU = Release|Any CPU
	EndGlobalSection
	GlobalSection(ProjectConfigurationPlatforms) = postSolution
		{E2C1415C-CCB8-4191-BAF8-D111357486A3}.Debug|Any CPU.ActiveCfg = Debug|Any CPU
		{E2C1415C-CCB8-4191-BAF8-D111357486A3}.Debug|Any CPU.Build.0 = Debug|Any CPU
		{E2C1415C-CCB8-4191-BAF8-D111357486A3}.Release|Any CPU.ActiveCfg = Release|Any CPU
		{E2C1415C-CCB8-4191-BAF8-D111357486A3}.Release|Any CPU.Build.0 = Release|Any CPU
	EndGlobalSection
	GlobalSection(SolutionProperties) = preSolution
		HideSolutionNode = FALSE
	EndGlobalSection
	GlobalSection(ExtensibilityGlobals) = postSolution
		SolutionGuid = {B58B5DD0-0C0B-4374-84D6-0B5CBCE5F7CC}
	EndGlobalSection
EndGlobal
